
Microsoft Visual Studio Solution File, Format Version 12.00
# Visual Studio Version 17
VisualStudioVersion = 17.1.32210.238
MinimumVisualStudioVersion = 10.0.40219.1
Project("{9A19103F-16F7-4668-BE54-9A1E7A4F7556}") = "MinimalLinkShortenerAPI", "MinimalLinkShortenerAPI\MinimalLinkShortenerAPI.csproj", "{23625BF7-798C-4DF8-83B6-985B293B2F64}"
EndProject
Project("{00D1A9C2-B5F0-4AF3-8072-F6C62B433612}") = "LinksDB", "LinksDB\LinksDB.sqlproj", "{440C6F79-C89E-4F40-9BCB-E934644DC56A}"
EndProject
Project("{2150E333-8FDC-42A3-9474-1A3956D46DE8}") = "Solution Items", "Solution Items", "{8FF145AC-D734-49F5-B8FA-44090315A6EF}"
	ProjectSection(SolutionItems) = preProject
		.editorconfig = .editorconfig
	EndProjectSection
EndProject
Global
	GlobalSection(SolutionConfigurationPlatforms) = preSolution
		Debug|Any CPU = Debug|Any CPU
		Release|Any CPU = Release|Any CPU
	EndGlobalSection
	GlobalSection(ProjectConfigurationPlatforms) = postSolution
		{23625BF7-798C-4DF8-83B6-985B293B2F64}.Debug|Any CPU.ActiveCfg = Debug|Any CPU
		{23625BF7-798C-4DF8-83B6-985B293B2F64}.Debug|Any CPU.Build.0 = Debug|Any CPU
		{23625BF7-798C-4DF8-83B6-985B293B2F64}.Release|Any CPU.ActiveCfg = Release|Any CPU
		{23625BF7-798C-4DF8-83B6-985B293B2F64}.Release|Any CPU.Build.0 = Release|Any CPU
		{440C6F79-C89E-4F40-9BCB-E934644DC56A}.Debug|Any CPU.ActiveCfg = Debug|Any CPU
		{440C6F79-C89E-4F40-9BCB-E934644DC56A}.Debug|Any CPU.Build.0 = Debug|Any CPU
		{440C6F79-C89E-4F40-9BCB-E934644DC56A}.Debug|Any CPU.Deploy.0 = Debug|Any CPU
		{440C6F79-C89E-4F40-9BCB-E934644DC56A}.Release|Any CPU.ActiveCfg = Release|Any CPU
		{440C6F79-C89E-4F40-9BCB-E934644DC56A}.Release|Any CPU.Build.0 = Release|Any CPU
		{440C6F79-C89E-4F40-9BCB-E934644DC56A}.Release|Any CPU.Deploy.0 = Release|Any CPU
	EndGlobalSection
	GlobalSection(SolutionProperties) = preSolution
		HideSolutionNode = FALSE
	EndGlobalSection
	GlobalSection(ExtensibilityGlobals) = postSolution
		SolutionGuid = {C3C383D0-B6D5-4FA7-A199-5A52BADEA290}
	EndGlobalSection
EndGlobal
